Microsoft Visual Studio Solution File, Format Version 12.00
# Visual Studio 16
Project("{8BC9CEB8-8B4A-11D0-8D11-00A0C91BC942}") = "ALL_BUILD", "ALL_BUILD.vcxproj", "{850903AE-81A8-3698-98A4-3FE7ECA79757}"
	ProjectSection(ProjectDependencies) = postProject
		{67BE01BC-4974-3F6C-B66F-1693F535216F} = {67BE01BC-4974-3F6C-B66F-1693F535216F}
		{DD4691B7-99F0-37FE-B647-C3C0CE624CAB} = {DD4691B7-99F0-37FE-B647-C3C0CE624CAB}
		{5D6ED080-956E-36A9-8D12-33936AD7B2E6} = {5D6ED080-956E-36A9-8D12-33936AD7B2E6}
		{9754DD07-F9EC-3BE0-AA05-61D5A65F3962} = {9754DD07-F9EC-3BE0-AA05-61D5A65F3962}
		{A306EE80-5A87-36B4-A1EB-5414DB148DE8} = {A306EE80-5A87-36B4-A1EB-5414DB148DE8}
		{03BA8F52-862F-3EFD-8861-1C869767470F} = {03BA8F52-862F-3EFD-8861-1C869767470F}
		{E685B7E9-C1AE-31E0-9427-05048C6EA888} = {E685B7E9-C1AE-31E0-9427-05048C6EA888}
		{B62A5EDE-FBFC-39A1-A1EC-9D68BE50AACC} = {B62A5EDE-FBFC-39A1-A1EC-9D68BE50AACC}
		{0B7DAB38-6494-3582-868F-51A23128A077} = {0B7DAB38-6494-3582-868F-51A23128A077}
		{B9DF9565-2AEF-3190-9239-4C93D63ABF65} = {B9DF9565-2AEF-3190-9239-4C93D63ABF65}
		{75E0C3DD-06A3-301F-8FDB-1557067EB76C} = {75E0C3DD-06A3-301F-8FDB-1557067EB76C}
		{5266DBCD-3359-3FF2-812B-47245659254A} = {5266DBCD-3359-3FF2-812B-47245659254A}
		{BD440900-37FD-3185-91BD-8C5DAF1A1FDF} = {BD440900-37FD-3185-91BD-8C5DAF1A1FDF}
		{75204D76-62B0-3CFA-A1EF-2F377594CC12} = {75204D76-62B0-3CFA-A1EF-2F377594CC12}
		{D2E46652-44DC-3A3D-B678-42C09975B26A} = {D2E46652-44DC-3A3D-B678-42C09975B26A}
		{37467EBC-4F07-38DA-A86B-9C9E3FF2454D} = {37467EBC-4F07-38DA-A86B-9C9E3FF2454D}
		{52D17780-1AE1-357B-AEE2-344345A10887} = {52D17780-1AE1-357B-AEE2-344345A10887}
		{AA5E8124-FAA7-342F-B9A0-D2DC16655204} = {AA5E8124-FAA7-342F-B9A0-D2DC16655204}
		{23766A6F-DF90-3F97-B58F-6C59EEF6E5C5} = {23766A6F-DF90-3F97-B58F-6C59EEF6E5C5}
		{51626466-21F2-3C19-BFDD-FB295477A96F} = {51626466-21F2-3C19-BFDD-FB295477A96F}
		{BC123761-EFAA-3878-BEDD-9AA6F65FF080} = {BC123761-EFAA-3878-BEDD-9AA6F65FF080}
		{39FB29ED-7EC4-3BA2-8420-8085D1069B0E} = {39FB29ED-7EC4-3BA2-8420-8085D1069B0E}
		{45BD6917-8C81-30E4-B21A-CF2B86EB1A8D} = {45BD6917-8C81-30E4-B21A-CF2B86EB1A8D}
		{EB145E05-61D3-3B31-B1AE-27649B59CCEF} = {EB145E05-61D3-3B31-B1AE-27649B59CCEF}
		{E04B888E-D9DE-3CB9-AC06-79E33DA23BA2} = {E04B888E-D9DE-3CB9-AC06-79E33DA23BA2}
		{E1422F81-DA0E-3C27-A4A5-36CC9C349D9C} = {E1422F81-DA0E-3C27-A4A5-36CC9C349D9C}
		{DFBF1FD6-26A1-3BAC-88C9-6094D209031B} = {DFBF1FD6-26A1-3BAC-88C9-6094D209031B}
		{D6419B8E-3971-3FC4-865E-57705F0C35CD} = {D6419B8E-3971-3FC4-865E-57705F0C35CD}
		{FB4F6D6D-5D1B-31C7-A4CB-F47C76CA8A09} = {FB4F6D6D-5D1B-31C7-A4CB-F47C76CA8A09}
		{D6A6ECF5-6F78-3C65-B21D-58EB0B592670} = {D6A6ECF5-6F78-3C65-B21D-58EB0B592670}
		{346B9717-C176-380D-AF2D-7F5CDB39422D} = {346B9717-C176-380D-AF2D-7F5CDB39422D}
		{89090FC4-AA67-3BB4-95E8-D6D60D491F16} = {89090FC4-AA67-3BB4-95E8-D6D60D491F16}
		{8455724B-0B04-3E9B-9413-B551C5B883AD} = {8455724B-0B04-3E9B-9413-B551C5B883AD}
	EndProjectSection
EndProject
Project("{8BC9CEB8-8B4A-11D0-8D11-00A0C91BC942}") = "Exercise4-Asteroids", "project\Asteroids\Exercise4-Asteroids.vcxproj", "{67BE01BC-4974-3F6C-B66F-1693F535216F}"
	ProjectSection(ProjectDependencies) = postProject
		{DD4691B7-99F0-37FE-B647-C3C0CE624CAB} = {DD4691B7-99F0-37FE-B647-C3C0CE624CAB}
		{8455724B-0B04-3E9B-9413-B551C5B883AD} = {8455724B-0B04-3E9B-9413-B551C5B883AD}
	EndProjectSection
EndProject
Project("{8BC9CEB8-8B4A-11D0-8D11-00A0C91BC942}") = "INSTALL", "INSTALL.vcxproj", "{075F2652-B4D4-3411-ACBD-A403B99F4151}"
	ProjectSection(ProjectDependencies) = postProject
		{850903AE-81A8-3698-98A4-3FE7ECA79757} = {850903AE-81A8-3698-98A4-3FE7ECA79757}
		{8455724B-0B04-3E9B-9413-B551C5B883AD} = {8455724B-0B04-3E9B-9413-B551C5B883AD}
	EndProjectSection
EndProject
Project("{8BC9CEB8-8B4A-11D0-8D11-00A0C91BC942}") = "SRE", "submodules\SimpleRenderEngine\src\SRE.vcxproj", "{DD4691B7-99F0-37FE-B647-C3C0CE624CAB}"
	ProjectSection(ProjectDependencies) = postProject
		{8455724B-0B04-3E9B-9413-B551C5B883AD} = {8455724B-0B04-3E9B-9413-B551C5B883AD}
	EndProjectSection
EndProject
Project("{8BC9CEB8-8B4A-11D0-8D11-00A0C91BC942}") = "SRE-Example-00_hello-engine", "submodules\SimpleRenderEngine\examples\SRE-Example-00_hello-engine.vcxproj", "{5D6ED080-956E-36A9-8D12-33936AD7B2E6}"
	ProjectSection(ProjectDependencies) = postProject
		{DD4691B7-99F0-37FE-B647-C3C0CE624CAB} = {DD4691B7-99F0-37FE-B647-C3C0CE624CAB}
		{8455724B-0B04-3E9B-9413-B551C5B883AD} = {8455724B-0B04-3E9B-9413-B551C5B883AD}
	EndProjectSection
EndProject
Project("{8BC9CEB8-8B4A-11D0-8D11-00A0C91BC942}") = "SRE-Example-01_hello-engine-raw", "submodules\SimpleRenderEngine\examples\SRE-Example-01_hello-engine-raw.vcxproj", "{9754DD07-F9EC-3BE0-AA05-61D5A65F3962}"
	ProjectSection(ProjectDependencies) = postProject
		{DD4691B7-99F0-37FE-B647-C3C0CE624CAB} = {DD4691B7-99F0-37FE-B647-C3C0CE624CAB}
		{8455724B-0B04-3E9B-9413-B551C5B883AD} = {8455724B-0B04-3E9B-9413-B551C5B883AD}
	EndProjectSection
EndProject
Project("{8BC9CEB8-8B4A-11D0-8D11-00A0C91BC942}") = "SRE-Example-02_spheres", "submodules\SimpleRenderEngine\examples\SRE-Example-02_spheres.vcxproj", "{A306EE80-5A87-36B4-A1EB-5414DB148DE8}"
	ProjectSection(ProjectDependencies) = postProject
		{DD4691B7-99F0-37FE-B647-C3C0CE624CAB} = {DD4691B7-99F0-37FE-B647-C3C0CE624CAB}
		{8455724B-0B04-3E9B-9413-B551C5B883AD} = {8455724B-0B04-3E9B-9413-B551C5B883AD}
	EndProjectSection
EndProject
Project("{8BC9CEB8-8B4A-11D0-8D11-00A0C91BC942}") = "SRE-Example-03_spinning-cube", "submodules\SimpleRenderEngine\examples\SRE-Example-03_spinning-cube.vcxproj", "{03BA8F52-862F-3EFD-8861-1C869767470F}"
	ProjectSection(ProjectDependencies) = postProject
		{DD4691B7-99F0-37FE-B647-C3C0CE624CAB} = {DD4691B7-99F0-37FE-B647-C3C0CE624CAB}
		{8455724B-0B04-3E9B-9413-B551C5B883AD} = {8455724B-0B04-3E9B-9413-B551C5B883AD}
	EndProjectSection
EndProject
Project("{8BC9CEB8-8B4A-11D0-8D11-00A0C91BC942}") = "SRE-Example-04_spinning-primitives-tex", "submodules\SimpleRenderEngine\examples\SRE-Example-04_spinning-primitives-tex.vcxproj", "{E685B7E9-C1AE-31E0-9427-05048C6EA888}"
	ProjectSection(ProjectDependencies) = postProject
		{DD4691B7-99F0-37FE-B647-C3C0CE624CAB} = {DD4691B7-99F0-37FE-B647-C3C0CE624CAB}
		{8455724B-0B04-3E9B-9413-B551C5B883AD} = {8455724B-0B04-3E9B-9413-B551C5B883AD}
	EndProjectSection
EndProject
Project("{8BC9CEB8-8B4A-11D0-8D11-00A0C91BC942}") = "SRE-Example-05_obj-viewer", "submodules\SimpleRenderEngine\examples\SRE-Example-05_obj-viewer.vcxproj", "{B62A5EDE-FBFC-39A1-A1EC-9D68BE50AACC}"
	ProjectSection(ProjectDependencies) = postProject
		{DD4691B7-99F0-37FE-B647-C3C0CE624CAB} = {DD4691B7-99F0-37FE-B647-C3C0CE624CAB}
		{8455724B-0B04-3E9B-9413-B551C5B883AD} = {8455724B-0B04-3E9B-9413-B551C5B883AD}
	EndProjectSection
EndProject
Project("{8BC9CEB8-8B4A-11D0-8D11-00A0C91BC942}") = "SRE-Example-06_custom-mesh-layout", "submodules\SimpleRenderEngine\examples\SRE-Example-06_custom-mesh-layout.vcxproj", "{0B7DAB38-6494-3582-868F-51A23128A077}"
	ProjectSection(ProjectDependencies) = postProject
		{DD4691B7-99F0-37FE-B647-C3C0CE624CAB} = {DD4691B7-99F0-37FE-B647-C3C0CE624CAB}
		{8455724B-0B04-3E9B-9413-B551C5B883AD} = {8455724B-0B04-3E9B-9413-B551C5B883AD}
	EndProjectSection
EndProject
Project("{8BC9CEB8-8B4A-11D0-8D11-00A0C91BC942}") = "SRE-Example-07_matcap", "submodules\SimpleRenderEngine\examples\SRE-Example-07_matcap.vcxproj", "{B9DF9565-2AEF-3190-9239-4C93D63ABF65}"
	ProjectSection(ProjectDependencies) = postProject
		{DD4691B7-99F0-37FE-B647-C3C0CE624CAB} = {DD4691B7-99F0-37FE-B647-C3C0CE624CAB}
		{8455724B-0B04-3E9B-9413-B551C5B883AD} = {8455724B-0B04-3E9B-9413-B551C5B883AD}
	EndProjectSection
EndProject
Project("{8BC9CEB8-8B4A-11D0-8D11-00A0C91BC942}") = "SRE-Example-08_gui", "submodules\SimpleRenderEngine\examples\SRE-Example-08_gui.vcxproj", "{75E0C3DD-06A3-301F-8FDB-1557067EB76C}"
	ProjectSection(ProjectDependencies) = postProject
		{DD4691B7-99F0-37FE-B647-C3C0CE624CAB} = {DD4691B7-99F0-37FE-B647-C3C0CE624CAB}
		{8455724B-0B04-3E9B-9413-B551C5B883AD} = {8455724B-0B04-3E9B-9413-B551C5B883AD}
	EndProjectSection
EndProject
Project("{8BC9CEB8-8B4A-11D0-8D11-00A0C91BC942}") = "SRE-Example-09_picking", "submodules\SimpleRenderEngine\examples\SRE-Example-09_picking.vcxproj", "{5266DBCD-3359-3FF2-812B-47245659254A}"
	ProjectSection(ProjectDependencies) = postProject
		{DD4691B7-99F0-37FE-B647-C3C0CE624CAB} = {DD4691B7-99F0-37FE-B647-C3C0CE624CAB}
		{8455724B-0B04-3E9B-9413-B551C5B883AD} = {8455724B-0B04-3E9B-9413-B551C5B883AD}
	EndProjectSection
EndProject
Project("{8BC9CEB8-8B4A-11D0-8D11-00A0C91BC942}") = "SRE-Example-10_skybox-example", "submodules\SimpleRenderEngine\examples\SRE-Example-10_skybox-example.vcxproj", "{BD440900-37FD-3185-91BD-8C5DAF1A1FDF}"
	ProjectSection(ProjectDependencies) = postProject
		{DD4691B7-99F0-37FE-B647-C3C0CE624CAB} = {DD4691B7-99F0-37FE-B647-C3C0CE624CAB}
		{8455724B-0B04-3E9B-9413-B551C5B883AD} = {8455724B-0B04-3E9B-9413-B551C5B883AD}
	EndProjectSection
EndProject
Project("{8BC9CEB8-8B4A-11D0-8D11-00A0C91BC942}") = "SRE-Example-11_sprite-example", "submodules\SimpleRenderEngine\examples\SRE-Example-11_sprite-example.vcxproj", "{75204D76-62B0-3CFA-A1EF-2F377594CC12}"
	ProjectSection(ProjectDependencies) = postProject
		{DD4691B7-99F0-37FE-B647-C3C0CE624CAB} = {DD4691B7-99F0-37FE-B647-C3C0CE624CAB}
		{8455724B-0B04-3E9B-9413-B551C5B883AD} = {8455724B-0B04-3E9B-9413-B551C5B883AD}
	EndProjectSection
EndProject
Project("{8BC9CEB8-8B4A-11D0-8D11-00A0C91BC942}") = "SRE-Example-12_render-to-texture", "submodules\SimpleRenderEngine\examples\SRE-Example-12_render-to-texture.vcxproj", "{D2E46652-44DC-3A3D-B678-42C09975B26A}"
	ProjectSection(ProjectDependencies) = postProject
		{DD4691B7-99F0-37FE-B647-C3C0CE624CAB} = {DD4691B7-99F0-37FE-B647-C3C0CE624CAB}
		{8455724B-0B04-3E9B-9413-B551C5B883AD} = {8455724B-0B04-3E9B-9413-B551C5B883AD}
	EndProjectSection
EndProject
Project("{8BC9CEB8-8B4A-11D0-8D11-00A0C91BC942}") = "SRE-Example-13_benchmark64k", "submodules\SimpleRenderEngine\examples\SRE-Example-13_benchmark64k.vcxproj", "{37467EBC-4F07-38DA-A86B-9C9E3FF2454D}"
	ProjectSection(ProjectDependencies) = postProject
		{DD4691B7-99F0-37FE-B647-C3C0CE624CAB} = {DD4691B7-99F0-37FE-B647-C3C0CE624CAB}
		{8455724B-0B04-3E9B-9413-B551C5B883AD} = {8455724B-0B04-3E9B-9413-B551C5B883AD}
	EndProjectSection
EndProject
Project("{8BC9CEB8-8B4A-11D0-8D11-00A0C91BC942}") = "SRE-Example-14_spinning-primitives-openvr", "submodules\SimpleRenderEngine\examples\SRE-Example-14_spinning-primitives-openvr.vcxproj", "{52D17780-1AE1-357B-AEE2-344345A10887}"
	ProjectSection(ProjectDependencies) = postProject
		{DD4691B7-99F0-37FE-B647-C3C0CE624CAB} = {DD4691B7-99F0-37FE-B647-C3C0CE624CAB}
		{8455724B-0B04-3E9B-9413-B551C5B883AD} = {8455724B-0B04-3E9B-9413-B551C5B883AD}
	EndProjectSection
EndProject
Project("{8BC9CEB8-8B4A-11D0-8D11-00A0C91BC942}") = "SRE-Example-15_cloth_simulation", "submodules\SimpleRenderEngine\examples\SRE-Example-15_cloth_simulation.vcxproj", "{AA5E8124-FAA7-342F-B9A0-D2DC16655204}"
	ProjectSection(ProjectDependencies) = postProject
		{DD4691B7-99F0-37FE-B647-C3C0CE624CAB} = {DD4691B7-99F0-37FE-B647-C3C0CE624CAB}
		{8455724B-0B04-3E9B-9413-B551C5B883AD} = {8455724B-0B04-3E9B-9413-B551C5B883AD}
	EndProjectSection
EndProject
Project("{8BC9CEB8-8B4A-11D0-8D11-00A0C91BC942}") = "SRE-Example-16_shadows", "submodules\SimpleRenderEngine\examples\SRE-Example-16_shadows.vcxproj", "{23766A6F-DF90-3F97-B58F-6C59EEF6E5C5}"
	ProjectSection(ProjectDependencies) = postProject
		{DD4691B7-99F0-37FE-B647-C3C0CE624CAB} = {DD4691B7-99F0-37FE-B647-C3C0CE624CAB}
		{8455724B-0B04-3E9B-9413-B551C5B883AD} = {8455724B-0B04-3E9B-9413-B551C5B883AD}
	EndProjectSection
EndProject
Project("{8BC9CEB8-8B4A-11D0-8D11-00A0C91BC942}") = "SRE-Example-17_deferred-shading", "submodules\SimpleRenderEngine\examples\SRE-Example-17_deferred-shading.vcxproj", "{51626466-21F2-3C19-BFDD-FB295477A96F}"
	ProjectSection(ProjectDependencies) = postProject
		{DD4691B7-99F0-37FE-B647-C3C0CE624CAB} = {DD4691B7-99F0-37FE-B647-C3C0CE624CAB}
		{8455724B-0B04-3E9B-9413-B551C5B883AD} = {8455724B-0B04-3E9B-9413-B551C5B883AD}
	EndProjectSection
EndProject
Project("{8BC9CEB8-8B4A-11D0-8D11-00A0C91BC942}") = "SRE-Gui", "project\gui\SRE-Gui.vcxproj", "{BC123761-EFAA-3878-BEDD-9AA6F65FF080}"
	ProjectSection(ProjectDependencies) = postProject
		{DD4691B7-99F0-37FE-B647-C3C0CE624CAB} = {DD4691B7-99F0-37FE-B647-C3C0CE624CAB}
		{8455724B-0B04-3E9B-9413-B551C5B883AD} = {8455724B-0B04-3E9B-9413-B551C5B883AD}
	EndProjectSection
EndProject
Project("{8BC9CEB8-8B4A-11D0-8D11-00A0C91BC942}") = "SRE-ParticleSystem", "project\particle_system\SRE-ParticleSystem.vcxproj", "{39FB29ED-7EC4-3BA2-8420-8085D1069B0E}"
	ProjectSection(ProjectDependencies) = postProject
		{DD4691B7-99F0-37FE-B647-C3C0CE624CAB} = {DD4691B7-99F0-37FE-B647-C3C0CE624CAB}
		{8455724B-0B04-3E9B-9413-B551C5B883AD} = {8455724B-0B04-3E9B-9413-B551C5B883AD}
	EndProjectSection
EndProject
Project("{8BC9CEB8-8B4A-11D0-8D11-00A0C91BC942}") = "SRE-Platformer", "project\platformer\SRE-Platformer.vcxproj", "{45BD6917-8C81-30E4-B21A-CF2B86EB1A8D}"
	ProjectSection(ProjectDependencies) = postProject
		{DD4691B7-99F0-37FE-B647-C3C0CE624CAB} = {DD4691B7-99F0-37FE-B647-C3C0CE624CAB}
		{8455724B-0B04-3E9B-9413-B551C5B883AD} = {8455724B-0B04-3E9B-9413-B551C5B883AD}
	EndProjectSection
EndProject
Project("{8BC9CEB8-8B4A-11D0-8D11-00A0C91BC942}") = "SRE-box2d-Testbed", "project\Box2DTestbed\SRE-box2d-Testbed.vcxproj", "{EB145E05-61D3-3B31-B1AE-27649B59CCEF}"
	ProjectSection(ProjectDependencies) = postProject
		{DD4691B7-99F0-37FE-B647-C3C0CE624CAB} = {DD4691B7-99F0-37FE-B647-C3C0CE624CAB}
		{8455724B-0B04-3E9B-9413-B551C5B883AD} = {8455724B-0B04-3E9B-9413-B551C5B883AD}
	EndProjectSection
EndProject
Project("{8BC9CEB8-8B4A-11D0-8D11-00A0C91BC942}") = "SRE-box2d-example", "project\SRE-box2d-example.vcxproj", "{E04B888E-D9DE-3CB9-AC06-79E33DA23BA2}"
	ProjectSection(ProjectDependencies) = postProject
		{DD4691B7-99F0-37FE-B647-C3C0CE624CAB} = {DD4691B7-99F0-37FE-B647-C3C0CE624CAB}
		{8455724B-0B04-3E9B-9413-B551C5B883AD} = {8455724B-0B04-3E9B-9413-B551C5B883AD}
	EndProjectSection
EndProject
Project("{8BC9CEB8-8B4A-11D0-8D11-00A0C91BC942}") = "SRE-box2d-platform-example", "project\SRE-box2d-platform-example.vcxproj", "{E1422F81-DA0E-3C27-A4A5-36CC9C349D9C}"
	ProjectSection(ProjectDependencies) = postProject
		{DD4691B7-99F0-37FE-B647-C3C0CE624CAB} = {DD4691B7-99F0-37FE-B647-C3C0CE624CAB}
		{8455724B-0B04-3E9B-9413-B551C5B883AD} = {8455724B-0B04-3E9B-9413-B551C5B883AD}
	EndProjectSection
EndProject
Project("{8BC9CEB8-8B4A-11D0-8D11-00A0C91BC942}") = "SRE-lua-example", "project\SRE-lua-example.vcxproj", "{DFBF1FD6-26A1-3BAC-88C9-6094D209031B}"
	ProjectSection(ProjectDependencies) = postProject
		{DD4691B7-99F0-37FE-B647-C3C0CE624CAB} = {DD4691B7-99F0-37FE-B647-C3C0CE624CAB}
		{8455724B-0B04-3E9B-9413-B551C5B883AD} = {8455724B-0B04-3E9B-9413-B551C5B883AD}
	EndProjectSection
EndProject
Project("{8BC9CEB8-8B4A-11D0-8D11-00A0C91BC942}") = "SRE-lua-example-lines", "project\SRE-lua-example-lines.vcxproj", "{D6419B8E-3971-3FC4-865E-57705F0C35CD}"
	ProjectSection(ProjectDependencies) = postProject
		{DD4691B7-99F0-37FE-B647-C3C0CE624CAB} = {DD4691B7-99F0-37FE-B647-C3C0CE624CAB}
		{8455724B-0B04-3E9B-9413-B551C5B883AD} = {8455724B-0B04-3E9B-9413-B551C5B883AD}
	EndProjectSection
EndProject
Project("{8BC9CEB8-8B4A-11D0-8D11-00A0C91BC942}") = "SRE-node-editor", "project\SRE-node-editor.vcxproj", "{FB4F6D6D-5D1B-31C7-A4CB-F47C76CA8A09}"
	ProjectSection(ProjectDependencies) = postProject
		{DD4691B7-99F0-37FE-B647-C3C0CE624CAB} = {DD4691B7-99F0-37FE-B647-C3C0CE624CAB}
		{8455724B-0B04-3E9B-9413-B551C5B883AD} = {8455724B-0B04-3E9B-9413-B551C5B883AD}
	EndProjectSection
EndProject
Project("{8BC9CEB8-8B4A-11D0-8D11-00A0C91BC942}") = "SRE-project", "project\SRE-project.vcxproj", "{D6A6ECF5-6F78-3C65-B21D-58EB0B592670}"
	ProjectSection(ProjectDependencies) = postProject
		{DD4691B7-99F0-37FE-B647-C3C0CE624CAB} = {DD4691B7-99F0-37FE-B647-C3C0CE624CAB}
		{8455724B-0B04-3E9B-9413-B551C5B883AD} = {8455724B-0B04-3E9B-9413-B551C5B883AD}
	EndProjectSection
EndProject
Project("{8BC9CEB8-8B4A-11D0-8D11-00A0C91BC942}") = "SRE-scene-graph", "project\SRE-scene-graph.vcxproj", "{346B9717-C176-380D-AF2D-7F5CDB39422D}"
	ProjectSection(ProjectDependencies) = postProject
		{DD4691B7-99F0-37FE-B647-C3C0CE624CAB} = {DD4691B7-99F0-37FE-B647-C3C0CE624CAB}
		{8455724B-0B04-3E9B-9413-B551C5B883AD} = {8455724B-0B04-3E9B-9413-B551C5B883AD}
	EndProjectSection
EndProject
Project("{8BC9CEB8-8B4A-11D0-8D11-00A0C91BC942}") = "SRE-sdl2_mixer-example", "project\SRE-sdl2_mixer-example.vcxproj", "{89090FC4-AA67-3BB4-95E8-D6D60D491F16}"
	ProjectSection(ProjectDependencies) = postProject
		{DD4691B7-99F0-37FE-B647-C3C0CE624CAB} = {DD4691B7-99F0-37FE-B647-C3C0CE624CAB}
		{8455724B-0B04-3E9B-9413-B551C5B883AD} = {8455724B-0B04-3E9B-9413-B551C5B883AD}
	EndProjectSection
EndProject
Project("{8BC9CEB8-8B4A-11D0-8D11-00A0C91BC942}") = "ZERO_CHECK", "ZERO_CHECK.vcxproj", "{8455724B-0B04-3E9B-9413-B551C5B883AD}"
	ProjectSection(ProjectDependencies) = postProject
	EndProjectSection
EndProject
Global
	GlobalSection(SolutionConfigurationPlatforms) = preSolution
		Debug|Win32 = Debug|Win32
		Release|Win32 = Release|Win32
		MinSizeRel|Win32 = MinSizeRel|Win32
		RelWithDebInfo|Win32 = RelWithDebInfo|Win32
	EndGlobalSection
	GlobalSection(ProjectConfigurationPlatforms) = postSolution
		{850903AE-81A8-3698-98A4-3FE7ECA79757}.Debug|Win32.ActiveCfg = Debug|Win32
		{850903AE-81A8-3698-98A4-3FE7ECA79757}.Debug|Win32.Build.0 = Debug|Win32
		{850903AE-81A8-3698-98A4-3FE7ECA79757}.Release|Win32.ActiveCfg = Release|Win32
		{850903AE-81A8-3698-98A4-3FE7ECA79757}.Release|Win32.Build.0 = Release|Win32
		{850903AE-81A8-3698-98A4-3FE7ECA79757}.MinSizeRel|Win32.ActiveCfg = MinSizeRel|Win32
		{850903AE-81A8-3698-98A4-3FE7ECA79757}.MinSizeRel|Win32.Build.0 = MinSizeRel|Win32
		{850903AE-81A8-3698-98A4-3FE7ECA79757}.RelWithDebInfo|Win32.ActiveCfg = RelWithDebInfo|Win32
		{850903AE-81A8-3698-98A4-3FE7ECA79757}.RelWithDebInfo|Win32.Build.0 = RelWithDebInfo|Win32
		{67BE01BC-4974-3F6C-B66F-1693F535216F}.Debug|Win32.ActiveCfg = Debug|Win32
		{67BE01BC-4974-3F6C-B66F-1693F535216F}.Debug|Win32.Build.0 = Debug|Win32
		{67BE01BC-4974-3F6C-B66F-1693F535216F}.Release|Win32.ActiveCfg = Release|Win32
		{67BE01BC-4974-3F6C-B66F-1693F535216F}.Release|Win32.Build.0 = Release|Win32
		{67BE01BC-4974-3F6C-B66F-1693F535216F}.MinSizeRel|Win32.ActiveCfg = MinSizeRel|Win32
		{67BE01BC-4974-3F6C-B66F-1693F535216F}.MinSizeRel|Win32.Build.0 = MinSizeRel|Win32
		{67BE01BC-4974-3F6C-B66F-1693F535216F}.RelWithDebInfo|Win32.ActiveCfg = RelWithDebInfo|Win32
		{67BE01BC-4974-3F6C-B66F-1693F535216F}.RelWithDebInfo|Win32.Build.0 = RelWithDebInfo|Win32
		{075F2652-B4D4-3411-ACBD-A403B99F4151}.Debug|Win32.ActiveCfg = Debug|Win32
		{075F2652-B4D4-3411-ACBD-A403B99F4151}.Release|Win32.ActiveCfg = Release|Win32
		{075F2652-B4D4-3411-ACBD-A403B99F4151}.MinSizeRel|Win32.ActiveCfg = MinSizeRel|Win32
		{075F2652-B4D4-3411-ACBD-A403B99F4151}.RelWithDebInfo|Win32.ActiveCfg = RelWithDebInfo|Win32
		{DD4691B7-99F0-37FE-B647-C3C0CE624CAB}.Debug|Win32.ActiveCfg = Debug|Win32
		{DD4691B7-99F0-37FE-B647-C3C0CE624CAB}.Debug|Win32.Build.0 = Debug|Win32
		{DD4691B7-99F0-37FE-B647-C3C0CE624CAB}.Release|Win32.ActiveCfg = Release|Win32
		{DD4691B7-99F0-37FE-B647-C3C0CE624CAB}.Release|Win32.Build.0 = Release|Win32
		{DD4691B7-99F0-37FE-B647-C3C0CE624CAB}.MinSizeRel|Win32.ActiveCfg = MinSizeRel|Win32
		{DD4691B7-99F0-37FE-B647-C3C0CE624CAB}.MinSizeRel|Win32.Build.0 = MinSizeRel|Win32
		{DD4691B7-99F0-37FE-B647-C3C0CE624CAB}.RelWithDebInfo|Win32.ActiveCfg = RelWithDebInfo|Win32
		{DD4691B7-99F0-37FE-B647-C3C0CE624CAB}.RelWithDebInfo|Win32.Build.0 = RelWithDebInfo|Win32
		{5D6ED080-956E-36A9-8D12-33936AD7B2E6}.Debug|Win32.ActiveCfg = Debug|Win32
		{5D6ED080-956E-36A9-8D12-33936AD7B2E6}.Debug|Win32.Build.0 = Debug|Win32
		{5D6ED080-956E-36A9-8D12-33936AD7B2E6}.Release|Win32.ActiveCfg = Release|Win32
		{5D6ED080-956E-36A9-8D12-33936AD7B2E6}.Release|Win32.Build.0 = Release|Win32
		{5D6ED080-956E-36A9-8D12-33936AD7B2E6}.MinSizeRel|Win32.ActiveCfg = MinSizeRel|Win32
		{5D6ED080-956E-36A9-8D12-33936AD7B2E6}.MinSizeRel|Win32.Build.0 = MinSizeRel|Win32
		{5D6ED080-956E-36A9-8D12-33936AD7B2E6}.RelWithDebInfo|Win32.ActiveCfg = RelWithDebInfo|Win32
		{5D6ED080-956E-36A9-8D12-33936AD7B2E6}.RelWithDebInfo|Win32.Build.0 = RelWithDebInfo|Win32
		{9754DD07-F9EC-3BE0-AA05-61D5A65F3962}.Debug|Win32.ActiveCfg = Debug|Win32
		{9754DD07-F9EC-3BE0-AA05-61D5A65F3962}.Debug|Win32.Build.0 = Debug|Win32
		{9754DD07-F9EC-3BE0-AA05-61D5A65F3962}.Release|Win32.ActiveCfg = Release|Win32
		{9754DD07-F9EC-3BE0-AA05-61D5A65F3962}.Release|Win32.Build.0 = Release|Win32
		{9754DD07-F9EC-3BE0-AA05-61D5A65F3962}.MinSizeRel|Win32.ActiveCfg = MinSizeRel|Win32
		{9754DD07-F9EC-3BE0-AA05-61D5A65F3962}.MinSizeRel|Win32.Build.0 = MinSizeRel|Win32
		{9754DD07-F9EC-3BE0-AA05-61D5A65F3962}.RelWithDebInfo|Win32.ActiveCfg = RelWithDebInfo|Win32
		{9754DD07-F9EC-3BE0-AA05-61D5A65F3962}.RelWithDebInfo|Win32.Build.0 = RelWithDebInfo|Win32
		{A306EE80-5A87-36B4-A1EB-5414DB148DE8}.Debug|Win32.ActiveCfg = Debug|Win32
		{A306EE80-5A87-36B4-A1EB-5414DB148DE8}.Debug|Win32.Build.0 = Debug|Win32
		{A306EE80-5A87-36B4-A1EB-5414DB148DE8}.Release|Win32.ActiveCfg = Release|Win32
		{A306EE80-5A87-36B4-A1EB-5414DB148DE8}.Release|Win32.Build.0 = Release|Win32
		{A306EE80-5A87-36B4-A1EB-5414DB148DE8}.MinSizeRel|Win32.ActiveCfg = MinSizeRel|Win32
		{A306EE80-5A87-36B4-A1EB-5414DB148DE8}.MinSizeRel|Win32.Build.0 = MinSizeRel|Win32
		{A306EE80-5A87-36B4-A1EB-5414DB148DE8}.RelWithDebInfo|Win32.ActiveCfg = RelWithDebInfo|Win32
		{A306EE80-5A87-36B4-A1EB-5414DB148DE8}.RelWithDebInfo|Win32.Build.0 = RelWithDebInfo|Win32
		{03BA8F52-862F-3EFD-8861-1C869767470F}.Debug|Win32.ActiveCfg = Debug|Win32
		{03BA8F52-862F-3EFD-8861-1C869767470F}.Debug|Win32.Build.0 = Debug|Win32
		{03BA8F52-862F-3EFD-8861-1C869767470F}.Release|Win32.ActiveCfg = Release|Win32
		{03BA8F52-862F-3EFD-8861-1C869767470F}.Release|Win32.Build.0 = Release|Win32
		{03BA8F52-862F-3EFD-8861-1C869767470F}.MinSizeRel|Win32.ActiveCfg = MinSizeRel|Win32
		{03BA8F52-862F-3EFD-8861-1C869767470F}.MinSizeRel|Win32.Build.0 = MinSizeRel|Win32
		{03BA8F52-862F-3EFD-8861-1C869767470F}.RelWithDebInfo|Win32.ActiveCfg = RelWithDebInfo|Win32
		{03BA8F52-862F-3EFD-8861-1C869767470F}.RelWithDebInfo|Win32.Build.0 = RelWithDebInfo|Win32
		{E685B7E9-C1AE-31E0-9427-05048C6EA888}.Debug|Win32.ActiveCfg = Debug|Win32
		{E685B7E9-C1AE-31E0-9427-05048C6EA888}.Debug|Win32.Build.0 = Debug|Win32
		{E685B7E9-C1AE-31E0-9427-05048C6EA888}.Release|Win32.ActiveCfg = Release|Win32
		{E685B7E9-C1AE-31E0-9427-05048C6EA888}.Release|Win32.Build.0 = Release|Win32
		{E685B7E9-C1AE-31E0-9427-05048C6EA888}.MinSizeRel|Win32.ActiveCfg = MinSizeRel|Win32
		{E685B7E9-C1AE-31E0-9427-05048C6EA888}.MinSizeRel|Win32.Build.0 = MinSizeRel|Win32
		{E685B7E9-C1AE-31E0-9427-05048C6EA888}.RelWithDebInfo|Win32.ActiveCfg = RelWithDebInfo|Win32
		{E685B7E9-C1AE-31E0-9427-05048C6EA888}.RelWithDebInfo|Win32.Build.0 = RelWithDebInfo|Win32
		{B62A5EDE-FBFC-39A1-A1EC-9D68BE50AACC}.Debug|Win32.ActiveCfg = Debug|Win32
		{B62A5EDE-FBFC-39A1-A1EC-9D68BE50AACC}.Debug|Win32.Build.0 = Debug|Win32
		{B62A5EDE-FBFC-39A1-A1EC-9D68BE50AACC}.Release|Win32.ActiveCfg = Release|Win32
		{B62A5EDE-FBFC-39A1-A1EC-9D68BE50AACC}.Release|Win32.Build.0 = Release|Win32
		{B62A5EDE-FBFC-39A1-A1EC-9D68BE50AACC}.MinSizeRel|Win32.ActiveCfg = MinSizeRel|Win32
		{B62A5EDE-FBFC-39A1-A1EC-9D68BE50AACC}.MinSizeRel|Win32.Build.0 = MinSizeRel|Win32
		{B62A5EDE-FBFC-39A1-A1EC-9D68BE50AACC}.RelWithDebInfo|Win32.ActiveCfg = RelWithDebInfo|Win32
		{B62A5EDE-FBFC-39A1-A1EC-9D68BE50AACC}.RelWithDebInfo|Win32.Build.0 = RelWithDebInfo|Win32
		{0B7DAB38-6494-3582-868F-51A23128A077}.Debug|Win32.ActiveCfg = Debug|Win32
		{0B7DAB38-6494-3582-868F-51A23128A077}.Debug|Win32.Build.0 = Debug|Win32
		{0B7DAB38-6494-3582-868F-51A23128A077}.Release|Win32.ActiveCfg = Release|Win32
		{0B7DAB38-6494-3582-868F-51A23128A077}.Release|Win32.Build.0 = Release|Win32
		{0B7DAB38-6494-3582-868F-51A23128A077}.MinSizeRel|Win32.ActiveCfg = MinSizeRel|Win32
		{0B7DAB38-6494-3582-868F-51A23128A077}.MinSizeRel|Win32.Build.0 = MinSizeRel|Win32
		{0B7DAB38-6494-3582-868F-51A23128A077}.RelWithDebInfo|Win32.ActiveCfg = RelWithDebInfo|Win32
		{0B7DAB38-6494-3582-868F-51A23128A077}.RelWithDebInfo|Win32.Build.0 = RelWithDebInfo|Win32
		{B9DF9565-2AEF-3190-9239-4C93D63ABF65}.Debug|Win32.ActiveCfg = Debug|Win32
		{B9DF9565-2AEF-3190-9239-4C93D63ABF65}.Debug|Win32.Build.0 = Debug|Win32
		{B9DF9565-2AEF-3190-9239-4C93D63ABF65}.Release|Win32.ActiveCfg = Release|Win32
		{B9DF9565-2AEF-3190-9239-4C93D63ABF65}.Release|Win32.Build.0 = Release|Win32
		{B9DF9565-2AEF-3190-9239-4C93D63ABF65}.MinSizeRel|Win32.ActiveCfg = MinSizeRel|Win32
		{B9DF9565-2AEF-3190-9239-4C93D63ABF65}.MinSizeRel|Win32.Build.0 = MinSizeRel|Win32
		{B9DF9565-2AEF-3190-9239-4C93D63ABF65}.RelWithDebInfo|Win32.ActiveCfg = RelWithDebInfo|Win32
		{B9DF9565-2AEF-3190-9239-4C93D63ABF65}.RelWithDebInfo|Win32.Build.0 = RelWithDebInfo|Win32
		{75E0C3DD-06A3-301F-8FDB-1557067EB76C}.Debug|Win32.ActiveCfg = Debug|Win32
		{75E0C3DD-06A3-301F-8FDB-1557067EB76C}.Debug|Win32.Build.0 = Debug|Win32
		{75E0C3DD-06A3-301F-8FDB-1557067EB76C}.Release|Win32.ActiveCfg = Release|Win32
		{75E0C3DD-06A3-301F-8FDB-1557067EB76C}.Release|Win32.Build.0 = Release|Win32
		{75E0C3DD-06A3-301F-8FDB-1557067EB76C}.MinSizeRel|Win32.ActiveCfg = MinSizeRel|Win32
		{75E0C3DD-06A3-301F-8FDB-1557067EB76C}.MinSizeRel|Win32.Build.0 = MinSizeRel|Win32
		{75E0C3DD-06A3-301F-8FDB-1557067EB76C}.RelWithDebInfo|Win32.ActiveCfg = RelWithDebInfo|Win32
		{75E0C3DD-06A3-301F-8FDB-1557067EB76C}.RelWithDebInfo|Win32.Build.0 = RelWithDebInfo|Win32
		{5266DBCD-3359-3FF2-812B-47245659254A}.Debug|Win32.ActiveCfg = Debug|Win32
		{5266DBCD-3359-3FF2-812B-47245659254A}.Debug|Win32.Build.0 = Debug|Win32
		{5266DBCD-3359-3FF2-812B-47245659254A}.Release|Win32.ActiveCfg = Release|Win32
		{5266DBCD-3359-3FF2-812B-47245659254A}.Release|Win32.Build.0 = Release|Win32
		{5266DBCD-3359-3FF2-812B-47245659254A}.MinSizeRel|Win32.ActiveCfg = MinSizeRel|Win32
		{5266DBCD-3359-3FF2-812B-47245659254A}.MinSizeRel|Win32.Build.0 = MinSizeRel|Win32
		{5266DBCD-3359-3FF2-812B-47245659254A}.RelWithDebInfo|Win32.ActiveCfg = RelWithDebInfo|Win32
		{5266DBCD-3359-3FF2-812B-47245659254A}.RelWithDebInfo|Win32.Build.0 = RelWithDebInfo|Win32
		{BD440900-37FD-3185-91BD-8C5DAF1A1FDF}.Debug|Win32.ActiveCfg = Debug|Win32
		{BD440900-37FD-3185-91BD-8C5DAF1A1FDF}.Debug|Win32.Build.0 = Debug|Win32
		{BD440900-37FD-3185-91BD-8C5DAF1A1FDF}.Release|Win32.ActiveCfg = Release|Win32
		{BD440900-37FD-3185-91BD-8C5DAF1A1FDF}.Release|Win32.Build.0 = Release|Win32
		{BD440900-37FD-3185-91BD-8C5DAF1A1FDF}.MinSizeRel|Win32.ActiveCfg = MinSizeRel|Win32
		{BD440900-37FD-3185-91BD-8C5DAF1A1FDF}.MinSizeRel|Win32.Build.0 = MinSizeRel|Win32
		{BD440900-37FD-3185-91BD-8C5DAF1A1FDF}.RelWithDebInfo|Win32.ActiveCfg = RelWithDebInfo|Win32
		{BD440900-37FD-3185-91BD-8C5DAF1A1FDF}.RelWithDebInfo|Win32.Build.0 = RelWithDebInfo|Win32
		{75204D76-62B0-3CFA-A1EF-2F377594CC12}.Debug|Win32.ActiveCfg = Debug|Win32
		{75204D76-62B0-3CFA-A1EF-2F377594CC12}.Debug|Win32.Build.0 = Debug|Win32
		{75204D76-62B0-3CFA-A1EF-2F377594CC12}.Release|Win32.ActiveCfg = Release|Win32
		{75204D76-62B0-3CFA-A1EF-2F377594CC12}.Release|Win32.Build.0 = Release|Win32
		{75204D76-62B0-3CFA-A1EF-2F377594CC12}.MinSizeRel|Win32.ActiveCfg = MinSizeRel|Win32
		{75204D76-62B0-3CFA-A1EF-2F377594CC12}.MinSizeRel|Win32.Build.0 = MinSizeRel|Win32
		{75204D76-62B0-3CFA-A1EF-2F377594CC12}.RelWithDebInfo|Win32.ActiveCfg = RelWithDebInfo|Win32
		{75204D76-62B0-3CFA-A1EF-2F377594CC12}.RelWithDebInfo|Win32.Build.0 = RelWithDebInfo|Win32
		{D2E46652-44DC-3A3D-B678-42C09975B26A}.Debug|Win32.ActiveCfg = Debug|Win32
		{D2E46652-44DC-3A3D-B678-42C09975B26A}.Debug|Win32.Build.0 = Debug|Win32
		{D2E46652-44DC-3A3D-B678-42C09975B26A}.Release|Win32.ActiveCfg = Release|Win32
		{D2E46652-44DC-3A3D-B678-42C09975B26A}.Release|Win32.Build.0 = Release|Win32
		{D2E46652-44DC-3A3D-B678-42C09975B26A}.MinSizeRel|Win32.ActiveCfg = MinSizeRel|Win32
		{D2E46652-44DC-3A3D-B678-42C09975B26A}.MinSizeRel|Win32.Build.0 = MinSizeRel|Win32
		{D2E46652-44DC-3A3D-B678-42C09975B26A}.RelWithDebInfo|Win32.ActiveCfg = RelWithDebInfo|Win32
		{D2E46652-44DC-3A3D-B678-42C09975B26A}.RelWithDebInfo|Win32.Build.0 = RelWithDebInfo|Win32
		{37467EBC-4F07-38DA-A86B-9C9E3FF2454D}.Debug|Win32.ActiveCfg = Debug|Win32
		{37467EBC-4F07-38DA-A86B-9C9E3FF2454D}.Debug|Win32.Build.0 = Debug|Win32
		{37467EBC-4F07-38DA-A86B-9C9E3FF2454D}.Release|Win32.ActiveCfg = Release|Win32
		{37467EBC-4F07-38DA-A86B-9C9E3FF2454D}.Release|Win32.Build.0 = Release|Win32
		{37467EBC-4F07-38DA-A86B-9C9E3FF2454D}.MinSizeRel|Win32.ActiveCfg = MinSizeRel|Win32
		{37467EBC-4F07-38DA-A86B-9C9E3FF2454D}.MinSizeRel|Win32.Build.0 = MinSizeRel|Win32
		{37467EBC-4F07-38DA-A86B-9C9E3FF2454D}.RelWithDebInfo|Win32.ActiveCfg = RelWithDebInfo|Win32
		{37467EBC-4F07-38DA-A86B-9C9E3FF2454D}.RelWithDebInfo|Win32.Build.0 = RelWithDebInfo|Win32
		{52D17780-1AE1-357B-AEE2-344345A10887}.Debug|Win32.ActiveCfg = Debug|Win32
		{52D17780-1AE1-357B-AEE2-344345A10887}.Debug|Win32.Build.0 = Debug|Win32
		{52D17780-1AE1-357B-AEE2-344345A10887}.Release|Win32.ActiveCfg = Release|Win32
		{52D17780-1AE1-357B-AEE2-344345A10887}.Release|Win32.Build.0 = Release|Win32
		{52D17780-1AE1-357B-AEE2-344345A10887}.MinSizeRel|Win32.ActiveCfg = MinSizeRel|Win32
		{52D17780-1AE1-357B-AEE2-344345A10887}.MinSizeRel|Win32.Build.0 = MinSizeRel|Win32
		{52D17780-1AE1-357B-AEE2-344345A10887}.RelWithDebInfo|Win32.ActiveCfg = RelWithDebInfo|Win32
		{52D17780-1AE1-357B-AEE2-344345A10887}.RelWithDebInfo|Win32.Build.0 = RelWithDebInfo|Win32
		{AA5E8124-FAA7-342F-B9A0-D2DC16655204}.Debug|Win32.ActiveCfg = Debug|Win32
		{AA5E8124-FAA7-342F-B9A0-D2DC16655204}.Debug|Win32.Build.0 = Debug|Win32
		{AA5E8124-FAA7-342F-B9A0-D2DC16655204}.Release|Win32.ActiveCfg = Release|Win32
		{AA5E8124-FAA7-342F-B9A0-D2DC16655204}.Release|Win32.Build.0 = Release|Win32
		{AA5E8124-FAA7-342F-B9A0-D2DC16655204}.MinSizeRel|Win32.ActiveCfg = MinSizeRel|Win32
		{AA5E8124-FAA7-342F-B9A0-D2DC16655204}.MinSizeRel|Win32.Build.0 = MinSizeRel|Win32
		{AA5E8124-FAA7-342F-B9A0-D2DC16655204}.RelWithDebInfo|Win32.ActiveCfg = RelWithDebInfo|Win32
		{AA5E8124-FAA7-342F-B9A0-D2DC16655204}.RelWithDebInfo|Win32.Build.0 = RelWithDebInfo|Win32
		{23766A6F-DF90-3F97-B58F-6C59EEF6E5C5}.Debug|Win32.ActiveCfg = Debug|Win32
		{23766A6F-DF90-3F97-B58F-6C59EEF6E5C5}.Debug|Win32.Build.0 = Debug|Win32
		{23766A6F-DF90-3F97-B58F-6C59EEF6E5C5}.Release|Win32.ActiveCfg = Release|Win32
		{23766A6F-DF90-3F97-B58F-6C59EEF6E5C5}.Release|Win32.Build.0 = Release|Win32
		{23766A6F-DF90-3F97-B58F-6C59EEF6E5C5}.MinSizeRel|Win32.ActiveCfg = MinSizeRel|Win32
		{23766A6F-DF90-3F97-B58F-6C59EEF6E5C5}.MinSizeRel|Win32.Build.0 = MinSizeRel|Win32
		{23766A6F-DF90-3F97-B58F-6C59EEF6E5C5}.RelWithDebInfo|Win32.ActiveCfg = RelWithDebInfo|Win32
		{23766A6F-DF90-3F97-B58F-6C59EEF6E5C5}.RelWithDebInfo|Win32.Build.0 = RelWithDebInfo|Win32
		{51626466-21F2-3C19-BFDD-FB295477A96F}.Debug|Win32.ActiveCfg = Debug|Win32
		{51626466-21F2-3C19-BFDD-FB295477A96F}.Debug|Win32.Build.0 = Debug|Win32
		{51626466-21F2-3C19-BFDD-FB295477A96F}.Release|Win32.ActiveCfg = Release|Win32
		{51626466-21F2-3C19-BFDD-FB295477A96F}.Release|Win32.Build.0 = Release|Win32
		{51626466-21F2-3C19-BFDD-FB295477A96F}.MinSizeRel|Win32.ActiveCfg = MinSizeRel|Win32
		{51626466-21F2-3C19-BFDD-FB295477A96F}.MinSizeRel|Win32.Build.0 = MinSizeRel|Win32
		{51626466-21F2-3C19-BFDD-FB295477A96F}.RelWithDebInfo|Win32.ActiveCfg = RelWithDebInfo|Win32
		{51626466-21F2-3C19-BFDD-FB295477A96F}.RelWithDebInfo|Win32.Build.0 = RelWithDebInfo|Win32
		{BC123761-EFAA-3878-BEDD-9AA6F65FF080}.Debug|Win32.ActiveCfg = Debug|Win32
		{BC123761-EFAA-3878-BEDD-9AA6F65FF080}.Debug|Win32.Build.0 = Debug|Win32
		{BC123761-EFAA-3878-BEDD-9AA6F65FF080}.Release|Win32.ActiveCfg = Release|Win32
		{BC123761-EFAA-3878-BEDD-9AA6F65FF080}.Release|Win32.Build.0 = Release|Win32
		{BC123761-EFAA-3878-BEDD-9AA6F65FF080}.MinSizeRel|Win32.ActiveCfg = MinSizeRel|Win32
		{BC123761-EFAA-3878-BEDD-9AA6F65FF080}.MinSizeRel|Win32.Build.0 = MinSizeRel|Win32
		{BC123761-EFAA-3878-BEDD-9AA6F65FF080}.RelWithDebInfo|Win32.ActiveCfg = RelWithDebInfo|Win32
		{BC123761-EFAA-3878-BEDD-9AA6F65FF080}.RelWithDebInfo|Win32.Build.0 = RelWithDebInfo|Win32
		{39FB29ED-7EC4-3BA2-8420-8085D1069B0E}.Debug|Win32.ActiveCfg = Debug|Win32
		{39FB29ED-7EC4-3BA2-8420-8085D1069B0E}.Debug|Win32.Build.0 = Debug|Win32
		{39FB29ED-7EC4-3BA2-8420-8085D1069B0E}.Release|Win32.ActiveCfg = Release|Win32
		{39FB29ED-7EC4-3BA2-8420-8085D1069B0E}.Release|Win32.Build.0 = Release|Win32
		{39FB29ED-7EC4-3BA2-8420-8085D1069B0E}.MinSizeRel|Win32.ActiveCfg = MinSizeRel|Win32
		{39FB29ED-7EC4-3BA2-8420-8085D1069B0E}.MinSizeRel|Win32.Build.0 = MinSizeRel|Win32
		{39FB29ED-7EC4-3BA2-8420-8085D1069B0E}.RelWithDebInfo|Win32.ActiveCfg = RelWithDebInfo|Win32
		{39FB29ED-7EC4-3BA2-8420-8085D1069B0E}.RelWithDebInfo|Win32.Build.0 = RelWithDebInfo|Win32
		{45BD6917-8C81-30E4-B21A-CF2B86EB1A8D}.Debug|Win32.ActiveCfg = Debug|Win32
		{45BD6917-8C81-30E4-B21A-CF2B86EB1A8D}.Debug|Win32.Build.0 = Debug|Win32
		{45BD6917-8C81-30E4-B21A-CF2B86EB1A8D}.Release|Win32.ActiveCfg = Release|Win32
		{45BD6917-8C81-30E4-B21A-CF2B86EB1A8D}.Release|Win32.Build.0 = Release|Win32
		{45BD6917-8C81-30E4-B21A-CF2B86EB1A8D}.MinSizeRel|Win32.ActiveCfg = MinSizeRel|Win32
		{45BD6917-8C81-30E4-B21A-CF2B86EB1A8D}.MinSizeRel|Win32.Build.0 = MinSizeRel|Win32
		{45BD6917-8C81-30E4-B21A-CF2B86EB1A8D}.RelWithDebInfo|Win32.ActiveCfg = RelWithDebInfo|Win32
		{45BD6917-8C81-30E4-B21A-CF2B86EB1A8D}.RelWithDebInfo|Win32.Build.0 = RelWithDebInfo|Win32
		{EB145E05-61D3-3B31-B1AE-27649B59CCEF}.Debug|Win32.ActiveCfg = Debug|Win32
		{EB145E05-61D3-3B31-B1AE-27649B59CCEF}.Debug|Win32.Build.0 = Debug|Win32
		{EB145E05-61D3-3B31-B1AE-27649B59CCEF}.Release|Win32.ActiveCfg = Release|Win32
		{EB145E05-61D3-3B31-B1AE-27649B59CCEF}.Release|Win32.Build.0 = Release|Win32
		{EB145E05-61D3-3B31-B1AE-27649B59CCEF}.MinSizeRel|Win32.ActiveCfg = MinSizeRel|Win32
		{EB145E05-61D3-3B31-B1AE-27649B59CCEF}.MinSizeRel|Win32.Build.0 = MinSizeRel|Win32
		{EB145E05-61D3-3B31-B1AE-27649B59CCEF}.RelWithDebInfo|Win32.ActiveCfg = RelWithDebInfo|Win32
		{EB145E05-61D3-3B31-B1AE-27649B59CCEF}.RelWithDebInfo|Win32.Build.0 = RelWithDebInfo|Win32
		{E04B888E-D9DE-3CB9-AC06-79E33DA23BA2}.Debug|Win32.ActiveCfg = Debug|Win32
		{E04B888E-D9DE-3CB9-AC06-79E33DA23BA2}.Debug|Win32.Build.0 = Debug|Win32
		{E04B888E-D9DE-3CB9-AC06-79E33DA23BA2}.Release|Win32.ActiveCfg = Release|Win32
		{E04B888E-D9DE-3CB9-AC06-79E33DA23BA2}.Release|Win32.Build.0 = Release|Win32
		{E04B888E-D9DE-3CB9-AC06-79E33DA23BA2}.MinSizeRel|Win32.ActiveCfg = MinSizeRel|Win32
		{E04B888E-D9DE-3CB9-AC06-79E33DA23BA2}.MinSizeRel|Win32.Build.0 = MinSizeRel|Win32
		{E04B888E-D9DE-3CB9-AC06-79E33DA23BA2}.RelWithDebInfo|Win32.ActiveCfg = RelWithDebInfo|Win32
		{E04B888E-D9DE-3CB9-AC06-79E33DA23BA2}.RelWithDebInfo|Win32.Build.0 = RelWithDebInfo|Win32
		{E1422F81-DA0E-3C27-A4A5-36CC9C349D9C}.Debug|Win32.ActiveCfg = Debug|Win32
		{E1422F81-DA0E-3C27-A4A5-36CC9C349D9C}.Debug|Win32.Build.0 = Debug|Win32
		{E1422F81-DA0E-3C27-A4A5-36CC9C349D9C}.Release|Win32.ActiveCfg = Release|Win32
		{E1422F81-DA0E-3C27-A4A5-36CC9C349D9C}.Release|Win32.Build.0 = Release|Win32
		{E1422F81-DA0E-3C27-A4A5-36CC9C349D9C}.MinSizeRel|Win32.ActiveCfg = MinSizeRel|Win32
		{E1422F81-DA0E-3C27-A4A5-36CC9C349D9C}.MinSizeRel|Win32.Build.0 = MinSizeRel|Win32
		{E1422F81-DA0E-3C27-A4A5-36CC9C349D9C}.RelWithDebInfo|Win32.ActiveCfg = RelWithDebInfo|Win32
		{E1422F81-DA0E-3C27-A4A5-36CC9C349D9C}.RelWithDebInfo|Win32.Build.0 = RelWithDebInfo|Win32
		{DFBF1FD6-26A1-3BAC-88C9-6094D209031B}.Debug|Win32.ActiveCfg = Debug|Win32
		{DFBF1FD6-26A1-3BAC-88C9-6094D209031B}.Debug|Win32.Build.0 = Debug|Win32
		{DFBF1FD6-26A1-3BAC-88C9-6094D209031B}.Release|Win32.ActiveCfg = Release|Win32
		{DFBF1FD6-26A1-3BAC-88C9-6094D209031B}.Release|Win32.Build.0 = Release|Win32
		{DFBF1FD6-26A1-3BAC-88C9-6094D209031B}.MinSizeRel|Win32.ActiveCfg = MinSizeRel|Win32
		{DFBF1FD6-26A1-3BAC-88C9-6094D209031B}.MinSizeRel|Win32.Build.0 = MinSizeRel|Win32
		{DFBF1FD6-26A1-3BAC-88C9-6094D209031B}.RelWithDebInfo|Win32.ActiveCfg = RelWithDebInfo|Win32
		{DFBF1FD6-26A1-3BAC-88C9-6094D209031B}.RelWithDebInfo|Win32.Build.0 = RelWithDebInfo|Win32
		{D6419B8E-3971-3FC4-865E-57705F0C35CD}.Debug|Win32.ActiveCfg = Debug|Win32
		{D6419B8E-3971-3FC4-865E-57705F0C35CD}.Debug|Win32.Build.0 = Debug|Win32
		{D6419B8E-3971-3FC4-865E-57705F0C35CD}.Release|Win32.ActiveCfg = Release|Win32
		{D6419B8E-3971-3FC4-865E-57705F0C35CD}.Release|Win32.Build.0 = Release|Win32
		{D6419B8E-3971-3FC4-865E-57705F0C35CD}.MinSizeRel|Win32.ActiveCfg = MinSizeRel|Win32
		{D6419B8E-3971-3FC4-865E-57705F0C35CD}.MinSizeRel|Win32.Build.0 = MinSizeRel|Win32
		{D6419B8E-3971-3FC4-865E-57705F0C35CD}.RelWithDebInfo|Win32.ActiveCfg = RelWithDebInfo|Win32
		{D6419B8E-3971-3FC4-865E-57705F0C35CD}.RelWithDebInfo|Win32.Build.0 = RelWithDebInfo|Win32
		{FB4F6D6D-5D1B-31C7-A4CB-F47C76CA8A09}.Debug|Win32.ActiveCfg = Debug|Win32
		{FB4F6D6D-5D1B-31C7-A4CB-F47C76CA8A09}.Debug|Win32.Build.0 = Debug|Win32
		{FB4F6D6D-5D1B-31C7-A4CB-F47C76CA8A09}.Release|Win32.ActiveCfg = Release|Win32
		{FB4F6D6D-5D1B-31C7-A4CB-F47C76CA8A09}.Release|Win32.Build.0 = Release|Win32
		{FB4F6D6D-5D1B-31C7-A4CB-F47C76CA8A09}.MinSizeRel|Win32.ActiveCfg = MinSizeRel|Win32
		{FB4F6D6D-5D1B-31C7-A4CB-F47C76CA8A09}.MinSizeRel|Win32.Build.0 = MinSizeRel|Win32
		{FB4F6D6D-5D1B-31C7-A4CB-F47C76CA8A09}.RelWithDebInfo|Win32.ActiveCfg = RelWithDebInfo|Win32
		{FB4F6D6D-5D1B-31C7-A4CB-F47C76CA8A09}.RelWithDebInfo|Win32.Build.0 = RelWithDebInfo|Win32
		{D6A6ECF5-6F78-3C65-B21D-58EB0B592670}.Debug|Win32.ActiveCfg = Debug|Win32
		{D6A6ECF5-6F78-3C65-B21D-58EB0B592670}.Debug|Win32.Build.0 = Debug|Win32
		{D6A6ECF5-6F78-3C65-B21D-58EB0B592670}.Release|Win32.ActiveCfg = Release|Win32
		{D6A6ECF5-6F78-3C65-B21D-58EB0B592670}.Release|Win32.Build.0 = Release|Win32
		{D6A6ECF5-6F78-3C65-B21D-58EB0B592670}.MinSizeRel|Win32.ActiveCfg = MinSizeRel|Win32
		{D6A6ECF5-6F78-3C65-B21D-58EB0B592670}.MinSizeRel|Win32.Build.0 = MinSizeRel|Win32
		{D6A6ECF5-6F78-3C65-B21D-58EB0B592670}.RelWithDebInfo|Win32.ActiveCfg = RelWithDebInfo|Win32
		{D6A6ECF5-6F78-3C65-B21D-58EB0B592670}.RelWithDebInfo|Win32.Build.0 = RelWithDebInfo|Win32
		{346B9717-C176-380D-AF2D-7F5CDB39422D}.Debug|Win32.ActiveCfg = Debug|Win32
		{346B9717-C176-380D-AF2D-7F5CDB39422D}.Debug|Win32.Build.0 = Debug|Win32
		{346B9717-C176-380D-AF2D-7F5CDB39422D}.Release|Win32.ActiveCfg = Release|Win32
		{346B9717-C176-380D-AF2D-7F5CDB39422D}.Release|Win32.Build.0 = Release|Win32
		{346B9717-C176-380D-AF2D-7F5CDB39422D}.MinSizeRel|Win32.ActiveCfg = MinSizeRel|Win32
		{346B9717-C176-380D-AF2D-7F5CDB39422D}.MinSizeRel|Win32.Build.0 = MinSizeRel|Win32
		{346B9717-C176-380D-AF2D-7F5CDB39422D}.RelWithDebInfo|Win32.ActiveCfg = RelWithDebInfo|Win32
		{346B9717-C176-380D-AF2D-7F5CDB39422D}.RelWithDebInfo|Win32.Build.0 = RelWithDebInfo|Win32
		{89090FC4-AA67-3BB4-95E8-D6D60D491F16}.Debug|Win32.ActiveCfg = Debug|Win32
		{89090FC4-AA67-3BB4-95E8-D6D60D491F16}.Debug|Win32.Build.0 = Debug|Win32
		{89090FC4-AA67-3BB4-95E8-D6D60D491F16}.Release|Win32.ActiveCfg = Release|Win32
		{89090FC4-AA67-3BB4-95E8-D6D60D491F16}.Release|Win32.Build.0 = Release|Win32
		{89090FC4-AA67-3BB4-95E8-D6D60D491F16}.MinSizeRel|Win32.ActiveCfg = MinSizeRel|Win32
		{89090FC4-AA67-3BB4-95E8-D6D60D491F16}.MinSizeRel|Win32.Build.0 = MinSizeRel|Win32
		{89090FC4-AA67-3BB4-95E8-D6D60D491F16}.RelWithDebInfo|Win32.ActiveCfg = RelWithDebInfo|Win32
		{89090FC4-AA67-3BB4-95E8-D6D60D491F16}.RelWithDebInfo|Win32.Build.0 = RelWithDebInfo|Win32
		{8455724B-0B04-3E9B-9413-B551C5B883AD}.Debug|Win32.ActiveCfg = Debug|Win32
		{8455724B-0B04-3E9B-9413-B551C5B883AD}.Debug|Win32.Build.0 = Debug|Win32
		{8455724B-0B04-3E9B-9413-B551C5B883AD}.Release|Win32.ActiveCfg = Release|Win32
		{8455724B-0B04-3E9B-9413-B551C5B883AD}.Release|Win32.Build.0 = Release|Win32
		{8455724B-0B04-3E9B-9413-B551C5B883AD}.MinSizeRel|Win32.ActiveCfg = MinSizeRel|Win32
		{8455724B-0B04-3E9B-9413-B551C5B883AD}.MinSizeRel|Win32.Build.0 = MinSizeRel|Win32
		{8455724B-0B04-3E9B-9413-B551C5B883AD}.RelWithDebInfo|Win32.ActiveCfg = RelWithDebInfo|Win32
		{8455724B-0B04-3E9B-9413-B551C5B883AD}.RelWithDebInfo|Win32.Build.0 = RelWithDebInfo|Win32
	EndGlobalSection
	GlobalSection(ExtensibilityGlobals) = postSolution
		SolutionGuid = {DCD9B0CA-057E-30F7-9D5C-252643C43881}
	EndGlobalSection
	GlobalSection(ExtensibilityAddIns) = postSolution
	EndGlobalSection
EndGlobal
